// !$*UTF8*$!
{
	archiveVersion = 1;
	classes = {
	};
	objectVersion = 77;
	objects = {

/* Begin PBXBuildFile section */
		37CB9743C3D683562DDED483 /* Pods_WasteNotMobileTests.framework in Frameworks */ = {isa = PBXBuildFile; fileRef = D0409C28BDBB3CF5ACFBA3E6 /* Pods_WasteNotMobileTests.framework */; };
		547DD5F46923EFC86810A830 /* Pods_WasteNotMobile.framework in Frameworks */ = {isa = PBXBuildFile; fileRef = 9CCECB44D7D420A50E713086 /* Pods_WasteNotMobile.framework */; };
		E87A8888A67524A611A39F83 /* Pods_WasteNotMobile_WasteNotMobileUITests.framework in Frameworks */ = {isa = PBXBuildFile; fileRef = 198941FBB76080320D2CEFE2 /* Pods_WasteNotMobile_WasteNotMobileUITests.framework */; };
/* End PBXBuildFile section */

/* Begin PBXContainerItemProxy section */
		8BC2032B2D56BD6D0053288B /* PBXContainerItemProxy */ = {
			isa = PBXContainerItemProxy;
			containerPortal = 8BC203122D56BD6B0053288B /* Project object */;
			proxyType = 1;
			remoteGlobalIDString = 8BC203192D56BD6B0053288B;
			remoteInfo = WasteNotMobile;
		};
		8BC203352D56BD6D0053288B /* PBXContainerItemProxy */ = {
			isa = PBXContainerItemProxy;
			containerPortal = 8BC203122D56BD6B0053288B /* Project object */;
			proxyType = 1;
			remoteGlobalIDString = 8BC203192D56BD6B0053288B;
			remoteInfo = WasteNotMobile;
		};
/* End PBXContainerItemProxy section */

/* Begin PBXFileReference section */
		198941FBB76080320D2CEFE2 /* Pods_WasteNotMobile_WasteNotMobileUITests.framework */ = {isa = PBXFileReference; explicitFileType = wrapper.framework; includeInIndex = 0; path = Pods_WasteNotMobile_WasteNotMobileUITests.framework; sourceTree = BUILT_PRODUCTS_DIR; };
		246B04202F5591232D8941D0 /* Pods-WasteNotMobile-WasteNotMobileUITests.debug.xcconfig */ = {isa = PBXFileReference; includeInIndex = 1; lastKnownFileType = text.xcconfig; name = "Pods-WasteNotMobile-WasteNotMobileUITests.debug.xcconfig"; path = "Target Support Files/Pods-WasteNotMobile-WasteNotMobileUITests/Pods-WasteNotMobile-WasteNotMobileUITests.debug.xcconfig"; sourceTree = "<group>"; };
		8BC2031A2D56BD6B0053288B /* WasteNotMobile.app */ = {isa = PBXFileReference; explicitFileType = wrapper.application; includeInIndex = 0; path = WasteNotMobile.app; sourceTree = BUILT_PRODUCTS_DIR; };
		8BC2032A2D56BD6D0053288B /* WasteNotMobileTests.xctest */ = {isa = PBXFileReference; explicitFileType = wrapper.cfbundle; includeInIndex = 0; path = WasteNotMobileTests.xctest; sourceTree = BUILT_PRODUCTS_DIR; };
		8BC203342D56BD6D0053288B /* WasteNotMobileUITests.xctest */ = {isa = PBXFileReference; explicitFileType = wrapper.cfbundle; includeInIndex = 0; path = WasteNotMobileUITests.xctest; sourceTree = BUILT_PRODUCTS_DIR; };
		9CCECB44D7D420A50E713086 /* Pods_WasteNotMobile.framework */ = {isa = PBXFileReference; explicitFileType = wrapper.framework; includeInIndex = 0; path = Pods_WasteNotMobile.framework; sourceTree = BUILT_PRODUCTS_DIR; };
		AAA9EDE2EF0885805D17453E /* Pods-WasteNotMobile.debug.xcconfig */ = {isa = PBXFileReference; includeInIndex = 1; lastKnownFileType = text.xcconfig; name = "Pods-WasteNotMobile.debug.xcconfig"; path = "Target Support Files/Pods-WasteNotMobile/Pods-WasteNotMobile.debug.xcconfig"; sourceTree = "<group>"; };
		D0409C28BDBB3CF5ACFBA3E6 /* Pods_WasteNotMobileTests.framework */ = {isa = PBXFileReference; explicitFileType = wrapper.framework; includeInIndex = 0; path = Pods_WasteNotMobileTests.framework; sourceTree = BUILT_PRODUCTS_DIR; };
		DFC62B1E563B5F72B386CAAC /* Pods-WasteNotMobile-WasteNotMobileUITests.release.xcconfig */ = {isa = PBXFileReference; includeInIndex = 1; lastKnownFileType = text.xcconfig; name = "Pods-WasteNotMobile-WasteNotMobileUITests.release.xcconfig"; path = "Target Support Files/Pods-WasteNotMobile-WasteNotMobileUITests/Pods-WasteNotMobile-WasteNotMobileUITests.release.xcconfig"; sourceTree = "<group>"; };
		E245A101DFDC8588ACC59079 /* Pods-WasteNotMobile.release.xcconfig */ = {isa = PBXFileReference; includeInIndex = 1; lastKnownFileType = text.xcconfig; name = "Pods-WasteNotMobile.release.xcconfig"; path = "Target Support Files/Pods-WasteNotMobile/Pods-WasteNotMobile.release.xcconfig"; sourceTree = "<group>"; };
		EB2C97EABC74B587B0240D42 /* Pods-WasteNotMobileTests.debug.xcconfig */ = {isa = PBXFileReference; includeInIndex = 1; lastKnownFileType = text.xcconfig; name = "Pods-WasteNotMobileTests.debug.xcconfig"; path = "Target Support Files/Pods-WasteNotMobileTests/Pods-WasteNotMobileTests.debug.xcconfig"; sourceTree = "<group>"; };
		F2A4493FE0E1326E4DD1EC3E /* Pods-WasteNotMobileTests.release.xcconfig */ = {isa = PBXFileReference; includeInIndex = 1; lastKnownFileType = text.xcconfig; name = "Pods-WasteNotMobileTests.release.xcconfig"; path = "Target Support Files/Pods-WasteNotMobileTests/Pods-WasteNotMobileTests.release.xcconfig"; sourceTree = "<group>"; };
/* End PBXFileReference section */

/* Begin PBXFileSystemSynchronizedRootGroup section */
		8BC2031C2D56BD6B0053288B /* WasteNotMobile */ = {
			isa = PBXFileSystemSynchronizedRootGroup;
			path = WasteNotMobile;
			sourceTree = "<group>";
		};
		8BC2032D2D56BD6D0053288B /* WasteNotMobileTests */ = {
			isa = PBXFileSystemSynchronizedRootGroup;
			path = WasteNotMobileTests;
			sourceTree = "<group>";
		};
		8BC203372D56BD6D0053288B /* WasteNotMobileUITests */ = {
			isa = PBXFileSystemSynchronizedRootGroup;
			path = WasteNotMobileUITests;
			sourceTree = "<group>";
		};
/* End PBXFileSystemSynchronizedRootGroup section */

/* Begin PBXFrameworksBuildPhase section */
		8BC203172D56BD6B0053288B /* Frameworks */ = {
			isa = PBXFrameworksBuildPhase;
			buildActionMask = 2147483647;
			files = (
				547DD5F46923EFC86810A830 /* Pods_WasteNotMobile.framework in Frameworks */,
			);
			runOnlyForDeploymentPostprocessing = 0;
		};
		8BC203272D56BD6D0053288B /* Frameworks */ = {
			isa = PBXFrameworksBuildPhase;
			buildActionMask = 2147483647;
			files = (
				37CB9743C3D683562DDED483 /* Pods_WasteNotMobileTests.framework in Frameworks */,
			);
			runOnlyForDeploymentPostprocessing = 0;
		};
		8BC203312D56BD6D0053288B /* Frameworks */ = {
			isa = PBXFrameworksBuildPhase;
			buildActionMask = 2147483647;
			files = (
				E87A8888A67524A611A39F83 /* Pods_WasteNotMobile_WasteNotMobileUITests.framework in Frameworks */,
			);
			runOnlyForDeploymentPostprocessing = 0;
		};
/* End PBXFrameworksBuildPhase section */

/* Begin PBXGroup section */
		792DD160DAF924A7EE1F1538 /* Pods */ = {
			isa = PBXGroup;
			children = (
				AAA9EDE2EF0885805D17453E /* Pods-WasteNotMobile.debug.xcconfig */,
				E245A101DFDC8588ACC59079 /* Pods-WasteNotMobile.release.xcconfig */,
				246B04202F5591232D8941D0 /* Pods-WasteNotMobile-WasteNotMobileUITests.debug.xcconfig */,
				DFC62B1E563B5F72B386CAAC /* Pods-WasteNotMobile-WasteNotMobileUITests.release.xcconfig */,
				EB2C97EABC74B587B0240D42 /* Pods-WasteNotMobileTests.debug.xcconfig */,
				F2A4493FE0E1326E4DD1EC3E /* Pods-WasteNotMobileTests.release.xcconfig */,
			);
			path = Pods;
			sourceTree = "<group>";
		};
		8BC203112D56BD6B0053288B = {
			isa = PBXGroup;
			children = (
				8BC2031C2D56BD6B0053288B /* WasteNotMobile */,
				8BC2032D2D56BD6D0053288B /* WasteNotMobileTests */,
				8BC203372D56BD6D0053288B /* WasteNotMobileUITests */,
				8BC2031B2D56BD6B0053288B /* Products */,
				792DD160DAF924A7EE1F1538 /* Pods */,
				C2306D5F7DF9FCD8B3C1E1B9 /* Frameworks */,
			);
			sourceTree = "<group>";
		};
		8BC2031B2D56BD6B0053288B /* Products */ = {
			isa = PBXGroup;
			children = (
				8BC2031A2D56BD6B0053288B /* WasteNotMobile.app */,
				8BC2032A2D56BD6D0053288B /* WasteNotMobileTests.xctest */,
				8BC203342D56BD6D0053288B /* WasteNotMobileUITests.xctest */,
			);
			name = Products;
			sourceTree = "<group>";
		};
		C2306D5F7DF9FCD8B3C1E1B9 /* Frameworks */ = {
			isa = PBXGroup;
			children = (
				9CCECB44D7D420A50E713086 /* Pods_WasteNotMobile.framework */,
				198941FBB76080320D2CEFE2 /* Pods_WasteNotMobile_WasteNotMobileUITests.framework */,
				D0409C28BDBB3CF5ACFBA3E6 /* Pods_WasteNotMobileTests.framework */,
			);
			name = Frameworks;
			sourceTree = "<group>";
		};
/* End PBXGroup section */

/* Begin PBXNativeTarget section */
		8BC203192D56BD6B0053288B /* WasteNotMobile */ = {
			isa = PBXNativeTarget;
			buildConfigurationList = 8BC2033E2D56BD6D0053288B /* Build configuration list for PBXNativeTarget "WasteNotMobile" */;
			buildPhases = (
				2AF804D04BE7C5D2DAABAE56 /* [CP] Check Pods Manifest.lock */,
				8BC203162D56BD6B0053288B /* Sources */,
				8BC203172D56BD6B0053288B /* Frameworks */,
				8BC203182D56BD6B0053288B /* Resources */,
				EA7D5156AC825DEA23258AF5 /* [CP] Embed Pods Frameworks */,
			);
			buildRules = (
			);
			dependencies = (
			);
			fileSystemSynchronizedGroups = (
				8BC2031C2D56BD6B0053288B /* WasteNotMobile */,
			);
			name = WasteNotMobile;
			productName = WasteNotMobile;
			productReference = 8BC2031A2D56BD6B0053288B /* WasteNotMobile.app */;
			productType = "com.apple.product-type.application";
		};
		8BC203292D56BD6D0053288B /* WasteNotMobileTests */ = {
			isa = PBXNativeTarget;
			buildConfigurationList = 8BC203412D56BD6D0053288B /* Build configuration list for PBXNativeTarget "WasteNotMobileTests" */;
			buildPhases = (
				6CA6175DF25FF66985541D33 /* [CP] Check Pods Manifest.lock */,
				8BC203262D56BD6D0053288B /* Sources */,
				8BC203272D56BD6D0053288B /* Frameworks */,
				8BC203282D56BD6D0053288B /* Resources */,
			);
			buildRules = (
			);
			dependencies = (
				8BC2032C2D56BD6D0053288B /* PBXTargetDependency */,
			);
			fileSystemSynchronizedGroups = (
				8BC2032D2D56BD6D0053288B /* WasteNotMobileTests */,
			);
			name = WasteNotMobileTests;
			productName = WasteNotMobileTests;
			productReference = 8BC2032A2D56BD6D0053288B /* WasteNotMobileTests.xctest */;
			productType = "com.apple.product-type.bundle.unit-test";
		};
		8BC203332D56BD6D0053288B /* WasteNotMobileUITests */ = {
			isa = PBXNativeTarget;
			buildConfigurationList = 8BC203442D56BD6D0053288B /* Build configuration list for PBXNativeTarget "WasteNotMobileUITests" */;
			buildPhases = (
				08B7FB0DA05473CA78DDBE74 /* [CP] Check Pods Manifest.lock */,
				8BC203302D56BD6D0053288B /* Sources */,
				8BC203312D56BD6D0053288B /* Frameworks */,
				8BC203322D56BD6D0053288B /* Resources */,
				39B19BFB7C3325F5F9C415C2 /* [CP] Embed Pods Frameworks */,
			);
			buildRules = (
			);
			dependencies = (
				8BC203362D56BD6D0053288B /* PBXTargetDependency */,
			);
			fileSystemSynchronizedGroups = (
				8BC203372D56BD6D0053288B /* WasteNotMobileUITests */,
			);
			name = WasteNotMobileUITests;
			productName = WasteNotMobileUITests;
			productReference = 8BC203342D56BD6D0053288B /* WasteNotMobileUITests.xctest */;
			productType = "com.apple.product-type.bundle.ui-testing";
		};
/* End PBXNativeTarget section */

/* Begin PBXProject section */
		8BC203122D56BD6B0053288B /* Project object */ = {
			isa = PBXProject;
			attributes = {
				BuildIndependentTargetsInParallel = 1;
				LastSwiftUpdateCheck = 1620;
				LastUpgradeCheck = 1620;
				TargetAttributes = {
					8BC203192D56BD6B0053288B = {
						CreatedOnToolsVersion = 16.2;
					};
					8BC203292D56BD6D0053288B = {
						CreatedOnToolsVersion = 16.2;
						TestTargetID = 8BC203192D56BD6B0053288B;
					};
					8BC203332D56BD6D0053288B = {
						CreatedOnToolsVersion = 16.2;
						TestTargetID = 8BC203192D56BD6B0053288B;
					};
				};
			};
			buildConfigurationList = 8BC203152D56BD6B0053288B /* Build configuration list for PBXProject "WasteNotMobile" */;
			developmentRegion = en;
			hasScannedForEncodings = 0;
			knownRegions = (
				en,
				Base,
			);
			mainGroup = 8BC203112D56BD6B0053288B;
			minimizedProjectReferenceProxies = 1;
			preferredProjectObjectVersion = 77;
			productRefGroup = 8BC2031B2D56BD6B0053288B /* Products */;
			projectDirPath = "";
			projectRoot = "";
			targets = (
				8BC203192D56BD6B0053288B /* WasteNotMobile */,
				8BC203292D56BD6D0053288B /* WasteNotMobileTests */,
				8BC203332D56BD6D0053288B /* WasteNotMobileUITests */,
			);
		};
/* End PBXProject section */

/* Begin PBXResourcesBuildPhase section */
		8BC203182D56BD6B0053288B /* Resources */ = {
			isa = PBXResourcesBuildPhase;
			buildActionMask = 2147483647;
			files = (
			);
			runOnlyForDeploymentPostprocessing = 0;
		};
		8BC203282D56BD6D0053288B /* Resources */ = {
			isa = PBXResourcesBuildPhase;
			buildActionMask = 2147483647;
			files = (
			);
			runOnlyForDeploymentPostprocessing = 0;
		};
		8BC203322D56BD6D0053288B /* Resources */ = {
			isa = PBXResourcesBuildPhase;
			buildActionMask = 2147483647;
			files = (
			);
			runOnlyForDeploymentPostprocessing = 0;
		};
/* End PBXResourcesBuildPhase section */

/* Begin PBXShellScriptBuildPhase section */
		08B7FB0DA05473CA78DDBE74 /* [CP] Check Pods Manifest.lock */ = {
			isa = PBXShellScriptBuildPhase;
			buildActionMask = 2147483647;
			files = (
			);
			inputFileListPaths = (
			);
			inputPaths = (
				"${PODS_PODFILE_DIR_PATH}/Podfile.lock",
				"${PODS_ROOT}/Manifest.lock",
			);
			name = "[CP] Check Pods Manifest.lock";
			outputFileListPaths = (
			);
			outputPaths = (
				"$(DERIVED_FILE_DIR)/Pods-WasteNotMobile-WasteNotMobileUITests-checkManifestLockResult.txt",
			);
			runOnlyForDeploymentPostprocessing = 0;
			shellPath = /bin/sh;
			shellScript = "diff \"${PODS_PODFILE_DIR_PATH}/Podfile.lock\" \"${PODS_ROOT}/Manifest.lock\" > /dev/null\nif [ $? != 0 ] ; then\n    # print error to STDERR\n    echo \"error: The sandbox is not in sync with the Podfile.lock. Run 'pod install' or update your CocoaPods installation.\" >&2\n    exit 1\nfi\n# This output is used by Xcode 'outputs' to avoid re-running this script phase.\necho \"SUCCESS\" > \"${SCRIPT_OUTPUT_FILE_0}\"\n";
			showEnvVarsInLog = 0;
		};
		2AF804D04BE7C5D2DAABAE56 /* [CP] Check Pods Manifest.lock */ = {
			isa = PBXShellScriptBuildPhase;
			buildActionMask = 2147483647;
			files = (
			);
			inputFileListPaths = (
			);
			inputPaths = (
				"${PODS_PODFILE_DIR_PATH}/Podfile.lock",
				"${PODS_ROOT}/Manifest.lock",
			);
			name = "[CP] Check Pods Manifest.lock";
			outputFileListPaths = (
			);
			outputPaths = (
				"$(DERIVED_FILE_DIR)/Pods-WasteNotMobile-checkManifestLockResult.txt",
			);
			runOnlyForDeploymentPostprocessing = 0;
			shellPath = /bin/sh;
			shellScript = "diff \"${PODS_PODFILE_DIR_PATH}/Podfile.lock\" \"${PODS_ROOT}/Manifest.lock\" > /dev/null\nif [ $? != 0 ] ; then\n    # print error to STDERR\n    echo \"error: The sandbox is not in sync with the Podfile.lock. Run 'pod install' or update your CocoaPods installation.\" >&2\n    exit 1\nfi\n# This output is used by Xcode 'outputs' to avoid re-running this script phase.\necho \"SUCCESS\" > \"${SCRIPT_OUTPUT_FILE_0}\"\n";
			showEnvVarsInLog = 0;
		};
		39B19BFB7C3325F5F9C415C2 /* [CP] Embed Pods Frameworks */ = {
			isa = PBXShellScriptBuildPhase;
			buildActionMask = 2147483647;
			files = (
			);
			inputFileListPaths = (
				"${PODS_ROOT}/Target Support Files/Pods-WasteNotMobile-WasteNotMobileUITests/Pods-WasteNotMobile-WasteNotMobileUITests-frameworks-${CONFIGURATION}-input-files.xcfilelist",
			);
			name = "[CP] Embed Pods Frameworks";
			outputFileListPaths = (
				"${PODS_ROOT}/Target Support Files/Pods-WasteNotMobile-WasteNotMobileUITests/Pods-WasteNotMobile-WasteNotMobileUITests-frameworks-${CONFIGURATION}-output-files.xcfilelist",
			);
			runOnlyForDeploymentPostprocessing = 0;
			shellPath = /bin/sh;
			shellScript = "\"${PODS_ROOT}/Target Support Files/Pods-WasteNotMobile-WasteNotMobileUITests/Pods-WasteNotMobile-WasteNotMobileUITests-frameworks.sh\"\n";
			showEnvVarsInLog = 0;
		};
		6CA6175DF25FF66985541D33 /* [CP] Check Pods Manifest.lock */ = {
			isa = PBXShellScriptBuildPhase;
			buildActionMask = 2147483647;
			files = (
			);
			inputFileListPaths = (
			);
			inputPaths = (
				"${PODS_PODFILE_DIR_PATH}/Podfile.lock",
				"${PODS_ROOT}/Manifest.lock",
			);
			name = "[CP] Check Pods Manifest.lock";
			outputFileListPaths = (
			);
			outputPaths = (
				"$(DERIVED_FILE_DIR)/Pods-WasteNotMobileTests-checkManifestLockResult.txt",
			);
			runOnlyForDeploymentPostprocessing = 0;
			shellPath = /bin/sh;
			shellScript = "diff \"${PODS_PODFILE_DIR_PATH}/Podfile.lock\" \"${PODS_ROOT}/Manifest.lock\" > /dev/null\nif [ $? != 0 ] ; then\n    # print error to STDERR\n    echo \"error: The sandbox is not in sync with the Podfile.lock. Run 'pod install' or update your CocoaPods installation.\" >&2\n    exit 1\nfi\n# This output is used by Xcode 'outputs' to avoid re-running this script phase.\necho \"SUCCESS\" > \"${SCRIPT_OUTPUT_FILE_0}\"\n";
			showEnvVarsInLog = 0;
		};
		EA7D5156AC825DEA23258AF5 /* [CP] Embed Pods Frameworks */ = {
			isa = PBXShellScriptBuildPhase;
			buildActionMask = 2147483647;
			files = (
			);
			inputFileListPaths = (
				"${PODS_ROOT}/Target Support Files/Pods-WasteNotMobile/Pods-WasteNotMobile-frameworks-${CONFIGURATION}-input-files.xcfilelist",
			);
			name = "[CP] Embed Pods Frameworks";
			outputFileListPaths = (
				"${PODS_ROOT}/Target Support Files/Pods-WasteNotMobile/Pods-WasteNotMobile-frameworks-${CONFIGURATION}-output-files.xcfilelist",
			);
			runOnlyForDeploymentPostprocessing = 0;
			shellPath = /bin/sh;
			shellScript = "\"${PODS_ROOT}/Target Support Files/Pods-WasteNotMobile/Pods-WasteNotMobile-frameworks.sh\"\n";
			showEnvVarsInLog = 0;
		};
/* End PBXShellScriptBuildPhase section */

/* Begin PBXSourcesBuildPhase section */
		8BC203162D56BD6B0053288B /* Sources */ = {
			isa = PBXSourcesBuildPhase;
			buildActionMask = 2147483647;
			files = (
			);
			runOnlyForDeploymentPostprocessing = 0;
		};
		8BC203262D56BD6D0053288B /* Sources */ = {
			isa = PBXSourcesBuildPhase;
			buildActionMask = 2147483647;
			files = (
			);
			runOnlyForDeploymentPostprocessing = 0;
		};
		8BC203302D56BD6D0053288B /* Sources */ = {
			isa = PBXSourcesBuildPhase;
			buildActionMask = 2147483647;
			files = (
			);
			runOnlyForDeploymentPostprocessing = 0;
		};
/* End PBXSourcesBuildPhase section */

/* Begin PBXTargetDependency section */
		8BC2032C2D56BD6D0053288B /* PBXTargetDependency */ = {
			isa = PBXTargetDependency;
			target = 8BC203192D56BD6B0053288B /* WasteNotMobile */;
			targetProxy = 8BC2032B2D56BD6D0053288B /* PBXContainerItemProxy */;
		};
		8BC203362D56BD6D0053288B /* PBXTargetDependency */ = {
			isa = PBXTargetDependency;
			target = 8BC203192D56BD6B0053288B /* WasteNotMobile */;
			targetProxy = 8BC203352D56BD6D0053288B /* PBXContainerItemProxy */;
		};
/* End PBXTargetDependency section */

/* Begin XCBuildConfiguration section */
		8BC2033C2D56BD6D0053288B /* Debug */ = {
			isa = XCBuildConfiguration;
			buildSettings = {
				ALWAYS_SEARCH_USER_PATHS = NO;
				ASSETCATALOG_COMPILER_GENERATE_SWIFT_ASSET_SYMBOL_EXTENSIONS = YES;
				CLANG_ANALYZER_NONNULL = YES;
				CLANG_ANALYZER_NUMBER_OBJECT_CONVERSION = YES_AGGRESSIVE;
				CLANG_CXX_LANGUAGE_STANDARD = "gnu++20";
				CLANG_ENABLE_MODULES = YES;
				CLANG_ENABLE_OBJC_ARC = YES;
				CLANG_ENABLE_OBJC_WEAK = YES;
				CLANG_WARN_BLOCK_CAPTURE_AUTORELEASING = YES;
				CLANG_WARN_BOOL_CONVERSION = YES;
				CLANG_WARN_COMMA = YES;
				CLANG_WARN_CONSTANT_CONVERSION = YES;
				CLANG_WARN_DEPRECATED_OBJC_IMPLEMENTATIONS = YES;
				CLANG_WARN_DIRECT_OBJC_ISA_USAGE = YES_ERROR;
				CLANG_WARN_DOCUMENTATION_COMMENTS = YES;
				CLANG_WARN_EMPTY_BODY = YES;
				CLANG_WARN_ENUM_CONVERSION = YES;
				CLANG_WARN_INFINITE_RECURSION = YES;
				CLANG_WARN_INT_CONVERSION = YES;
				CLANG_WARN_NON_LITERAL_NULL_CONVERSION = YES;
				CLANG_WARN_OBJC_IMPLICIT_RETAIN_SELF = YES;
				CLANG_WARN_OBJC_LITERAL_CONVERSION = YES;
				CLANG_WARN_OBJC_ROOT_CLASS = YES_ERROR;
				CLANG_WARN_QUOTED_INCLUDE_IN_FRAMEWORK_HEADER = YES;
				CLANG_WARN_RANGE_LOOP_ANALYSIS = YES;
				CLANG_WARN_STRICT_PROTOTYPES = YES;
				CLANG_WARN_SUSPICIOUS_MOVE = YES;
				CLANG_WARN_UNGUARDED_AVAILABILITY = YES_AGGRESSIVE;
				CLANG_WARN_UNREACHABLE_CODE = YES;
				CLANG_WARN__DUPLICATE_METHOD_MATCH = YES;
				COPY_PHASE_STRIP = NO;
				DEBUG_INFORMATION_FORMAT = dwarf;
				ENABLE_STRICT_OBJC_MSGSEND = YES;
				ENABLE_TESTABILITY = YES;
				ENABLE_USER_SCRIPT_SANDBOXING = NO;
				GCC_C_LANGUAGE_STANDARD = gnu17;
				GCC_DYNAMIC_NO_PIC = NO;
				GCC_NO_COMMON_BLOCKS = YES;
				GCC_OPTIMIZATION_LEVEL = 0;
				GCC_PREPROCESSOR_DEFINITIONS = (
					"DEBUG=1",
					"$(inherited)",
				);
				GCC_WARN_64_TO_32_BIT_CONVERSION = YES;
				GCC_WARN_ABOUT_RETURN_TYPE = YES_ERROR;
				GCC_WARN_UNDECLARED_SELECTOR = YES;
				GCC_WARN_UNINITIALIZED_AUTOS = YES_AGGRESSIVE;
				GCC_WARN_UNUSED_FUNCTION = YES;
				GCC_WARN_UNUSED_VARIABLE = YES;
				GENERATE_INFOPLIST_FILE = YES;
				INFOPLIST_KEY_NSCameraUsageDescription = "This app uses the camera to scan barcodes for product information.";
				IPHONEOS_DEPLOYMENT_TARGET = 18.2;
				LOCALIZATION_PREFERS_STRING_CATALOGS = YES;
				MTL_ENABLE_DEBUG_INFO = INCLUDE_SOURCE;
				MTL_FAST_MATH = YES;
				NSCameraUsageDescription = "This app uses the camera to scan barcodes for product information";
				ONLY_ACTIVE_ARCH = YES;
				SDKROOT = iphoneos;
				SWIFT_ACTIVE_COMPILATION_CONDITIONS = "DEBUG $(inherited)";
				SWIFT_OPTIMIZATION_LEVEL = "-Onone";
			};
			name = Debug;
		};
		8BC2033D2D56BD6D0053288B /* Release */ = {
			isa = XCBuildConfiguration;
			buildSettings = {
				ALWAYS_SEARCH_USER_PATHS = NO;
				ASSETCATALOG_COMPILER_GENERATE_SWIFT_ASSET_SYMBOL_EXTENSIONS = YES;
				CLANG_ANALYZER_NONNULL = YES;
				CLANG_ANALYZER_NUMBER_OBJECT_CONVERSION = YES_AGGRESSIVE;
				CLANG_CXX_LANGUAGE_STANDARD = "gnu++20";
				CLANG_ENABLE_MODULES = YES;
				CLANG_ENABLE_OBJC_ARC = YES;
				CLANG_ENABLE_OBJC_WEAK = YES;
				CLANG_WARN_BLOCK_CAPTURE_AUTORELEASING = YES;
				CLANG_WARN_BOOL_CONVERSION = YES;
				CLANG_WARN_COMMA = YES;
				CLANG_WARN_CONSTANT_CONVERSION = YES;
				CLANG_WARN_DEPRECATED_OBJC_IMPLEMENTATIONS = YES;
				CLANG_WARN_DIRECT_OBJC_ISA_USAGE = YES_ERROR;
				CLANG_WARN_DOCUMENTATION_COMMENTS = YES;
				CLANG_WARN_EMPTY_BODY = YES;
				CLANG_WARN_ENUM_CONVERSION = YES;
				CLANG_WARN_INFINITE_RECURSION = YES;
				CLANG_WARN_INT_CONVERSION = YES;
				CLANG_WARN_NON_LITERAL_NULL_CONVERSION = YES;
				CLANG_WARN_OBJC_IMPLICIT_RETAIN_SELF = YES;
				CLANG_WARN_OBJC_LITERAL_CONVERSION = YES;
				CLANG_WARN_OBJC_ROOT_CLASS = YES_ERROR;
				CLANG_WARN_QUOTED_INCLUDE_IN_FRAMEWORK_HEADER = YES;
				CLANG_WARN_RANGE_LOOP_ANALYSIS = YES;
				CLANG_WARN_STRICT_PROTOTYPES = YES;
				CLANG_WARN_SUSPICIOUS_MOVE = YES;
				CLANG_WARN_UNGUARDED_AVAILABILITY = YES_AGGRESSIVE;
				CLANG_WARN_UNREACHABLE_CODE = YES;
				CLANG_WARN__DUPLICATE_METHOD_MATCH = YES;
				COPY_PHASE_STRIP = NO;
				DEBUG_INFORMATION_FORMAT = "dwarf-with-dsym";
				ENABLE_NS_ASSERTIONS = NO;
				ENABLE_STRICT_OBJC_MSGSEND = YES;
				ENABLE_USER_SCRIPT_SANDBOXING = NO;
				GCC_C_LANGUAGE_STANDARD = gnu17;
				GCC_NO_COMMON_BLOCKS = YES;
				GCC_WARN_64_TO_32_BIT_CONVERSION = YES;
				GCC_WARN_ABOUT_RETURN_TYPE = YES_ERROR;
				GCC_WARN_UNDECLARED_SELECTOR = YES;
				GCC_WARN_UNINITIALIZED_AUTOS = YES_AGGRESSIVE;
				GCC_WARN_UNUSED_FUNCTION = YES;
				GCC_WARN_UNUSED_VARIABLE = YES;
				GENERATE_INFOPLIST_FILE = YES;
				INFOPLIST_KEY_NSCameraUsageDescription = "This app uses the camera to scan barcodes for product information.";
				IPHONEOS_DEPLOYMENT_TARGET = 18.2;
				LOCALIZATION_PREFERS_STRING_CATALOGS = YES;
				MTL_ENABLE_DEBUG_INFO = NO;
				MTL_FAST_MATH = YES;
				NSCameraUsageDescription = "This app uses the camera to scan barcodes for product information";
				SDKROOT = iphoneos;
				SWIFT_COMPILATION_MODE = wholemodule;
				VALIDATE_PRODUCT = YES;
			};
			name = Release;
		};
		8BC2033F2D56BD6D0053288B /* Debug */ = {
			isa = XCBuildConfiguration;
			baseConfigurationReference = AAA9EDE2EF0885805D17453E /* Pods-WasteNotMobile.debug.xcconfig */;
			buildSettings = {
				ASSETCATALOG_COMPILER_APPICON_NAME = AppIcon;
				ASSETCATALOG_COMPILER_GLOBAL_ACCENT_COLOR_NAME = AccentColor;
				CODE_SIGN_STYLE = Automatic;
				CURRENT_PROJECT_VERSION = 1;
				DEVELOPMENT_ASSET_PATHS = "\"WasteNotMobile/Preview Content\"";
				DEVELOPMENT_TEAM = X9JTJ8TVGC;
				ENABLE_PREVIEWS = YES;
				GENERATE_INFOPLIST_FILE = YES;
				INFOPLIST_KEY_NSLocationAlwaysAndWhenInUseUsageDescription = "This app is using your device location.";
				INFOPLIST_KEY_NSLocationAlwaysUsageDescription = "This app is using your device location.";
				INFOPLIST_KEY_NSLocationTemporaryUsageDescriptionDictionary = "This app is using your device location.";
				INFOPLIST_KEY_NSLocationUsageDescription = "This app is using your device location.";
				INFOPLIST_KEY_NSLocationWhenInUseUsageDescription = "This app is using your device location.";
				INFOPLIST_KEY_UIApplicationSceneManifest_Generation = YES;
				INFOPLIST_KEY_UIApplicationSupportsIndirectInputEvents = YES;
				INFOPLIST_KEY_UILaunchScreen_Generation = YES;
				INFOPLIST_KEY_UISupportedInterfaceOrientations_iPad = "UIInterfaceOrientationPortrait UIInterfaceOrientationPortraitUpsideDown UIInterfaceOrientationLandscapeLeft UIInterfaceOrientationLandscapeRight";
				INFOPLIST_KEY_UISupportedInterfaceOrientations_iPhone = "UIInterfaceOrientationPortrait UIInterfaceOrientationLandscapeLeft UIInterfaceOrientationLandscapeRight";
				LD_RUNPATH_SEARCH_PATHS = (
					"$(inherited)",
					"@executable_path/Frameworks",
				);
				MARKETING_VERSION = 1.0;
				PRODUCT_BUNDLE_IDENTIFIER = EthanYan.WasteNotMobile;
				PRODUCT_NAME = "$(TARGET_NAME)";
				SWIFT_EMIT_LOC_STRINGS = YES;
				SWIFT_VERSION = 5.0;
				TARGETED_DEVICE_FAMILY = "1,2";
			};
			name = Debug;
		};
		8BC203402D56BD6D0053288B /* Release */ = {
			isa = XCBuildConfiguration;
			baseConfigurationReference = E245A101DFDC8588ACC59079 /* Pods-WasteNotMobile.release.xcconfig */;
			buildSettings = {
				ASSETCATALOG_COMPILER_APPICON_NAME = AppIcon;
				ASSETCATALOG_COMPILER_GLOBAL_ACCENT_COLOR_NAME = AccentColor;
				CODE_SIGN_STYLE = Automatic;
				CURRENT_PROJECT_VERSION = 1;
				DEVELOPMENT_ASSET_PATHS = "\"WasteNotMobile/Preview Content\"";
				DEVELOPMENT_TEAM = X9JTJ8TVGC;
				ENABLE_PREVIEWS = YES;
				GENERATE_INFOPLIST_FILE = YES;
				INFOPLIST_KEY_NSLocationAlwaysAndWhenInUseUsageDescription = "This app is using your device location.";
				INFOPLIST_KEY_NSLocationAlwaysUsageDescription = "This app is using your device location.";
				INFOPLIST_KEY_NSLocationTemporaryUsageDescriptionDictionary = "This app is using your device location.";
				INFOPLIST_KEY_NSLocationUsageDescription = "This app is using your device location.";
				INFOPLIST_KEY_NSLocationWhenInUseUsageDescription = "This app is using your device location.";
				INFOPLIST_KEY_UIApplicationSceneManifest_Generation = YES;
				INFOPLIST_KEY_UIApplicationSupportsIndirectInputEvents = YES;
				INFOPLIST_KEY_UILaunchScreen_Generation = YES;
				INFOPLIST_KEY_UISupportedInterfaceOrientations_iPad = "UIInterfaceOrientationPortrait UIInterfaceOrientationPortraitUpsideDown UIInterfaceOrientationLandscapeLeft UIInterfaceOrientationLandscapeRight";
				INFOPLIST_KEY_UISupportedInterfaceOrientations_iPhone = "UIInterfaceOrientationPortrait UIInterfaceOrientationLandscapeLeft UIInterfaceOrientationLandscapeRight";
				LD_RUNPATH_SEARCH_PATHS = (
					"$(inherited)",
					"@executable_path/Frameworks",
				);
				MARKETING_VERSION = 1.0;
				PRODUCT_BUNDLE_IDENTIFIER = EthanYan.WasteNotMobile;
				PRODUCT_NAME = "$(TARGET_NAME)";
				SWIFT_EMIT_LOC_STRINGS = YES;
				SWIFT_VERSION = 5.0;
				TARGETED_DEVICE_FAMILY = "1,2";
			};
			name = Release;
		};
		8BC203422D56BD6D0053288B /* Debug */ = {
			isa = XCBuildConfiguration;
			baseConfigurationReference = EB2C97EABC74B587B0240D42 /* Pods-WasteNotMobileTests.debug.xcconfig */;
			buildSettings = {
				BUNDLE_LOADER = "$(TEST_HOST)";
				CODE_SIGN_STYLE = Automatic;
				CURRENT_PROJECT_VERSION = 1;
				DEVELOPMENT_TEAM = X9JTJ8TVGC;
				GENERATE_INFOPLIST_FILE = YES;
				IPHONEOS_DEPLOYMENT_TARGET = 18.2;
				MARKETING_VERSION = 1.0;
				PRODUCT_BUNDLE_IDENTIFIER = EthanYan.WasteNotMobileTests;
				PRODUCT_NAME = "$(TARGET_NAME)";
				SWIFT_EMIT_LOC_STRINGS = NO;
				SWIFT_VERSION = 5.0;
				TARGETED_DEVICE_FAMILY = "1,2";
				TEST_HOST = "$(BUILT_PRODUCTS_DIR)/WasteNotMobile.app/$(BUNDLE_EXECUTABLE_FOLDER_PATH)/WasteNotMobile";
			};
			name = Debug;
		};
		8BC203432D56BD6D0053288B /* Release */ = {
			isa = XCBuildConfiguration;
			baseConfigurationReference = F2A4493FE0E1326E4DD1EC3E /* Pods-WasteNotMobileTests.release.xcconfig */;
			buildSettings = {
				BUNDLE_LOADER = "$(TEST_HOST)";
				CODE_SIGN_STYLE = Automatic;
				CURRENT_PROJECT_VERSION = 1;
				DEVELOPMENT_TEAM = X9JTJ8TVGC;
				GENERATE_INFOPLIST_FILE = YES;
				IPHONEOS_DEPLOYMENT_TARGET = 18.2;
				MARKETING_VERSION = 1.0;
				PRODUCT_BUNDLE_IDENTIFIER = EthanYan.WasteNotMobileTests;
				PRODUCT_NAME = "$(TARGET_NAME)";
				SWIFT_EMIT_LOC_STRINGS = NO;
				SWIFT_VERSION = 5.0;
				TARGETED_DEVICE_FAMILY = "1,2";
				TEST_HOST = "$(BUILT_PRODUCTS_DIR)/WasteNotMobile.app/$(BUNDLE_EXECUTABLE_FOLDER_PATH)/WasteNotMobile";
			};
			name = Release;
		};
		8BC203452D56BD6D0053288B /* Debug */ = {
			isa = XCBuildConfiguration;
			baseConfigurationReference = 246B04202F5591232D8941D0 /* Pods-WasteNotMobile-WasteNotMobileUITests.debug.xcconfig */;
			buildSettings = {
				CODE_SIGN_STYLE = Automatic;
				CURRENT_PROJECT_VERSION = 1;
				DEVELOPMENT_TEAM = X9JTJ8TVGC;
				GENERATE_INFOPLIST_FILE = YES;
				MARKETING_VERSION = 1.0;
				PRODUCT_BUNDLE_IDENTIFIER = EthanYan.WasteNotMobileUITests;
				PRODUCT_NAME = "$(TARGET_NAME)";
				SWIFT_EMIT_LOC_STRINGS = NO;
				SWIFT_VERSION = 5.0;
				TARGETED_DEVICE_FAMILY = "1,2";
				TEST_TARGET_NAME = WasteNotMobile;
			};
			name = Debug;
		};
		8BC203462D56BD6D0053288B /* Release */ = {
			isa = XCBuildConfiguration;
			baseConfigurationReference = DFC62B1E563B5F72B386CAAC /* Pods-WasteNotMobile-WasteNotMobileUITests.release.xcconfig */;
			buildSettings = {
				CODE_SIGN_STYLE = Automatic;
				CURRENT_PROJECT_VERSION = 1;
				DEVELOPMENT_TEAM = X9JTJ8TVGC;
				GENERATE_INFOPLIST_FILE = YES;
				MARKETING_VERSION = 1.0;
				PRODUCT_BUNDLE_IDENTIFIER = EthanYan.WasteNotMobileUITests;
				PRODUCT_NAME = "$(TARGET_NAME)";
				SWIFT_EMIT_LOC_STRINGS = NO;
				SWIFT_VERSION = 5.0;
				TARGETED_DEVICE_FAMILY = "1,2";
				TEST_TARGET_NAME = WasteNotMobile;
			};
			name = Release;
		};
/* End XCBuildConfiguration section */

/* Begin XCConfigurationList section */
		8BC203152D56BD6B0053288B /* Build configuration list for PBXProject "WasteNotMobile" */ = {
			isa = XCConfigurationList;
			buildConfigurations = (
				8BC2033C2D56BD6D0053288B /* Debug */,
				8BC2033D2D56BD6D0053288B /* Release */,
			);
			defaultConfigurationIsVisible = 0;
			defaultConfigurationName = Release;
		};
		8BC2033E2D56BD6D0053288B /* Build configuration list for PBXNativeTarget "WasteNotMobile" */ = {
			isa = XCConfigurationList;
			buildConfigurations = (
				8BC2033F2D56BD6D0053288B /* Debug */,
				8BC203402D56BD6D0053288B /* Release */,
			);
			defaultConfigurationIsVisible = 0;
			defaultConfigurationName = Release;
		};
		8BC203412D56BD6D0053288B /* Build configuration list for PBXNativeTarget "WasteNotMobileTests" */ = {
			isa = XCConfigurationList;
			buildConfigurations = (
				8BC203422D56BD6D0053288B /* Debug */,
				8BC203432D56BD6D0053288B /* Release */,
			);
			defaultConfigurationIsVisible = 0;
			defaultConfigurationName = Release;
		};
		8BC203442D56BD6D0053288B /* Build configuration list for PBXNativeTarget "WasteNotMobileUITests" */ = {
			isa = XCConfigurationList;
			buildConfigurations = (
				8BC203452D56BD6D0053288B /* Debug */,
				8BC203462D56BD6D0053288B /* Release */,
			);
			defaultConfigurationIsVisible = 0;
			defaultConfigurationName = Release;
		};
/* End XCConfigurationList section */
	};
	rootObject = 8BC203122D56BD6B0053288B /* Project object */;
}
